
Microsoft Visual Studio Solution File, Format Version 12.00
# Visual Studio Version 17
VisualStudioVersion = 17.13.35818.85 d17.13
MinimumVisualStudioVersion = 10.0.40219.1
Project("{FAE04EC0-301F-11D3-BF4B-00C04F79EFBC}") = "Inventory Management", "Inventory Management.csproj", "{3AEB9E52-1E04-42ED-BA16-98EBD3E30300}"
EndProject
Global
	GlobalSection(SolutionConfigurationPlatforms) = preSolution
		Debug|Any CPU = Debug|Any CPU
		Release|Any CPU = Release|Any CPU
	EndGlobalSection
	GlobalSection(ProjectConfigurationPlatforms) = postSolution
		{3AEB9E52-1E04-42ED-BA16-98EBD3E30300}.Debug|Any CPU.ActiveCfg = Debug|Any CPU
		{3AEB9E52-1E04-42ED-BA16-98EBD3E30300}.Debug|Any CPU.Build.0 = Debug|Any CPU
		{3AEB9E52-1E04-42ED-BA16-98EBD3E30300}.Release|Any CPU.ActiveCfg = Release|Any CPU
		{3AEB9E52-1E04-42ED-BA16-98EBD3E30300}.Release|Any CPU.Build.0 = Release|Any CPU
	EndGlobalSection
	GlobalSection(SolutionProperties) = preSolution
		HideSolutionNode = FALSE
	EndGlobalSection
	GlobalSection(ExtensibilityGlobals) = postSolution
		SolutionGuid = {5AAB3271-887F-47EB-8A1D-351FCFA89F30}
	EndGlobalSection
EndGlobal
